
Microsoft Visual Studio Solution File, Format Version 12.00
# Visual Studio Version 17
VisualStudioVersion = 17.14.36414.22 d17.14
MinimumVisualStudioVersion = 10.0.40219.1
Project("{FAE04EC0-301F-11D3-BF4B-00C04F79EFBC}") = "AdminLayout", "AdminLayout\AdminLayout.csproj", "{0173AD23-75FC-4F13-BC40-98906E2F6D44}"
EndProject
Global
	GlobalSection(SolutionConfigurationPlatforms) = preSolution
		Debug|Any CPU = Debug|Any CPU
		Release|Any CPU = Release|Any CPU
	EndGlobalSection
	GlobalSection(ProjectConfigurationPlatforms) = postSolution
		{0173AD23-75FC-4F13-BC40-98906E2F6D44}.Debug|Any CPU.ActiveCfg = Debug|Any CPU
		{0173AD23-75FC-4F13-BC40-98906E2F6D44}.Debug|Any CPU.Build.0 = Debug|Any CPU
		{0173AD23-75FC-4F13-BC40-98906E2F6D44}.Release|Any CPU.ActiveCfg = Release|Any CPU
		{0173AD23-75FC-4F13-BC40-98906E2F6D44}.Release|Any CPU.Build.0 = Release|Any CPU
	EndGlobalSection
	GlobalSection(SolutionProperties) = preSolution
		HideSolutionNode = FALSE
	EndGlobalSection
	GlobalSection(ExtensibilityGlobals) = postSolution
		SolutionGuid = {C7766E31-8583-4A27-AD13-59C3FA04EC98}
	EndGlobalSection
EndGlobal
